// !$*UTF8*$!
{
	archiveVersion = 1;
	classes = {
	};
	objectVersion = 56;
	objects = {

/* Begin PBXBuildFile section */
		5E724CCC296CE23D0032E2A4 /* LogoView.swift in Sources */ = {isa = PBXBuildFile; fileRef = 5E724CCB296CE23D0032E2A4 /* LogoView.swift */; };
		5E724CCE296CF4F20032E2A4 /* FeedItemType.swift in Sources */ = {isa = PBXBuildFile; fileRef = 5E724CCD296CF4F20032E2A4 /* FeedItemType.swift */; };
		5E724CD0296CF56A0032E2A4 /* FeedStoriesCellInfo.swift in Sources */ = {isa = PBXBuildFile; fileRef = 5E724CCF296CF56A0032E2A4 /* FeedStoriesCellInfo.swift */; };
		5E724CD2296D78610032E2A4 /* FeedPostItemInfo.swift in Sources */ = {isa = PBXBuildFile; fileRef = 5E724CD1296D78610032E2A4 /* FeedPostItemInfo.swift */; };
		5E724CD7296D7C870032E2A4 /* FeedStoriesSetCell.swift in Sources */ = {isa = PBXBuildFile; fileRef = 5E724CD6296D7C870032E2A4 /* FeedStoriesSetCell.swift */; };
		5E724CD9296D7EB00032E2A4 /* FeedPostCell.swift in Sources */ = {isa = PBXBuildFile; fileRef = 5E724CD8296D7EB00032E2A4 /* FeedPostCell.swift */; };
		5E724CDB296D88680032E2A4 /* StoriesItemCell.swift in Sources */ = {isa = PBXBuildFile; fileRef = 5E724CDA296D88680032E2A4 /* StoriesItemCell.swift */; };
		5EF5CD6D296C8C6C004FEE9C /* AppDelegate.swift in Sources */ = {isa = PBXBuildFile; fileRef = 5EF5CD6C296C8C6C004FEE9C /* AppDelegate.swift */; };
		5EF5CD6F296C8C6C004FEE9C /* SceneDelegate.swift in Sources */ = {isa = PBXBuildFile; fileRef = 5EF5CD6E296C8C6C004FEE9C /* SceneDelegate.swift */; };
		5EF5CD76296C8C6D004FEE9C /* Assets.xcassets in Resources */ = {isa = PBXBuildFile; fileRef = 5EF5CD75296C8C6D004FEE9C /* Assets.xcassets */; };
		5EF5CD79296C8C6D004FEE9C /* LaunchScreen.storyboard in Resources */ = {isa = PBXBuildFile; fileRef = 5EF5CD77296C8C6D004FEE9C /* LaunchScreen.storyboard */; };
		5EF5CD84296CD4C7004FEE9C /* FeedViewController.swift in Sources */ = {isa = PBXBuildFile; fileRef = 5EF5CD83296CD4C7004FEE9C /* FeedViewController.swift */; };
		5EF5CD87296CD592004FEE9C /* SnapKit in Frameworks */ = {isa = PBXBuildFile; productRef = 5EF5CD86296CD592004FEE9C /* SnapKit */; };
/* End PBXBuildFile section */

/* Begin PBXFileReference section */
		5E724CCB296CE23D0032E2A4 /* LogoView.swift */ = {isa = PBXFileReference; lastKnownFileType = sourcecode.swift; path = LogoView.swift; sourceTree = "<group>"; };
		5E724CCD296CF4F20032E2A4 /* FeedItemType.swift */ = {isa = PBXFileReference; lastKnownFileType = sourcecode.swift; path = FeedItemType.swift; sourceTree = "<group>"; };
		5E724CCF296CF56A0032E2A4 /* FeedStoriesCellInfo.swift */ = {isa = PBXFileReference; lastKnownFileType = sourcecode.swift; path = FeedStoriesCellInfo.swift; sourceTree = "<group>"; };
		5E724CD1296D78610032E2A4 /* FeedPostItemInfo.swift */ = {isa = PBXFileReference; lastKnownFileType = sourcecode.swift; path = FeedPostItemInfo.swift; sourceTree = "<group>"; };
		5E724CD6296D7C870032E2A4 /* FeedStoriesSetCell.swift */ = {isa = PBXFileReference; lastKnownFileType = sourcecode.swift; path = FeedStoriesSetCell.swift; sourceTree = "<group>"; };
		5E724CD8296D7EB00032E2A4 /* FeedPostCell.swift */ = {isa = PBXFileReference; lastKnownFileType = sourcecode.swift; path = FeedPostCell.swift; sourceTree = "<group>"; };
		5E724CDA296D88680032E2A4 /* StoriesItemCell.swift */ = {isa = PBXFileReference; lastKnownFileType = sourcecode.swift; path = StoriesItemCell.swift; sourceTree = "<group>"; };
		5EF5CD69296C8C6C004FEE9C /* InstagramNoSB.app */ = {isa = PBXFileReference; explicitFileType = wrapper.application; includeInIndex = 0; path = InstagramNoSB.app; sourceTree = BUILT_PRODUCTS_DIR; };
		5EF5CD6C296C8C6C004FEE9C /* AppDelegate.swift */ = {isa = PBXFileReference; lastKnownFileType = sourcecode.swift; path = AppDelegate.swift; sourceTree = "<group>"; };
		5EF5CD6E296C8C6C004FEE9C /* SceneDelegate.swift */ = {isa = PBXFileReference; lastKnownFileType = sourcecode.swift; path = SceneDelegate.swift; sourceTree = "<group>"; };
		5EF5CD75296C8C6D004FEE9C /* Assets.xcassets */ = {isa = PBXFileReference; lastKnownFileType = folder.assetcatalog; path = Assets.xcassets; sourceTree = "<group>"; };
		5EF5CD78296C8C6D004FEE9C /* Base */ = {isa = PBXFileReference; lastKnownFileType = file.storyboard; name = Base; path = Base.lproj/LaunchScreen.storyboard; sourceTree = "<group>"; };
		5EF5CD7A296C8C6D004FEE9C /* Info.plist */ = {isa = PBXFileReference; lastKnownFileType = text.plist.xml; path = Info.plist; sourceTree = "<group>"; };
		5EF5CD83296CD4C7004FEE9C /* FeedViewController.swift */ = {isa = PBXFileReference; lastKnownFileType = sourcecode.swift; path = FeedViewController.swift; sourceTree = "<group>"; };
/* End PBXFileReference section */

/* Begin PBXFrameworksBuildPhase section */
		5EF5CD66296C8C6C004FEE9C /* Frameworks */ = {
			isa = PBXFrameworksBuildPhase;
			buildActionMask = 2147483647;
			files = (
				5EF5CD87296CD592004FEE9C /* SnapKit in Frameworks */,
			);
			runOnlyForDeploymentPostprocessing = 0;
		};
/* End PBXFrameworksBuildPhase section */

/* Begin PBXGroup section */
		5E724CCA296CE22E0032E2A4 /* Views */ = {
			isa = PBXGroup;
			children = (
				5E724CD3296D7C580032E2A4 /* Cells */,
				5E724CCB296CE23D0032E2A4 /* LogoView.swift */,
			);
			path = Views;
			sourceTree = "<group>";
		};
		5E724CD3296D7C580032E2A4 /* Cells */ = {
			isa = PBXGroup;
			children = (
				5E724CD6296D7C870032E2A4 /* FeedStoriesSetCell.swift */,
				5E724CD8296D7EB00032E2A4 /* FeedPostCell.swift */,
				5E724CDA296D88680032E2A4 /* StoriesItemCell.swift */,
			);
			path = Cells;
			sourceTree = "<group>";
		};
		5EF5CD60296C8C6C004FEE9C = {
			isa = PBXGroup;
			children = (
				5EF5CD6B296C8C6C004FEE9C /* InstagramNoSB */,
				5EF5CD6A296C8C6C004FEE9C /* Products */,
			);
			sourceTree = "<group>";
		};
		5EF5CD6A296C8C6C004FEE9C /* Products */ = {
			isa = PBXGroup;
			children = (
				5EF5CD69296C8C6C004FEE9C /* InstagramNoSB.app */,
			);
			name = Products;
			sourceTree = "<group>";
		};
		5EF5CD6B296C8C6C004FEE9C /* InstagramNoSB */ = {
			isa = PBXGroup;
			children = (
				5EF5CD80296CD3DF004FEE9C /* Application */,
				5EF5CD82296CD4A1004FEE9C /* Feed */,
				5E724CCA296CE22E0032E2A4 /* Views */,
				5EF5CD81296CD40F004FEE9C /* Resources */,
			);
			path = InstagramNoSB;
			sourceTree = "<group>";
		};
		5EF5CD80296CD3DF004FEE9C /* Application */ = {
			isa = PBXGroup;
			children = (
				5EF5CD6C296C8C6C004FEE9C /* AppDelegate.swift */,
				5EF5CD6E296C8C6C004FEE9C /* SceneDelegate.swift */,
			);
			path = Application;
			sourceTree = "<group>";
		};
		5EF5CD81296CD40F004FEE9C /* Resources */ = {
			isa = PBXGroup;
			children = (
				5EF5CD75296C8C6D004FEE9C /* Assets.xcassets */,
				5EF5CD77296C8C6D004FEE9C /* LaunchScreen.storyboard */,
				5EF5CD7A296C8C6D004FEE9C /* Info.plist */,
			);
			path = Resources;
			sourceTree = "<group>";
		};
		5EF5CD82296CD4A1004FEE9C /* Feed */ = {
			isa = PBXGroup;
			children = (
				5EF5CD83296CD4C7004FEE9C /* FeedViewController.swift */,
				5E724CCD296CF4F20032E2A4 /* FeedItemType.swift */,
				5E724CCF296CF56A0032E2A4 /* FeedStoriesCellInfo.swift */,
				5E724CD1296D78610032E2A4 /* FeedPostItemInfo.swift */,
			);
			path = Feed;
			sourceTree = "<group>";
		};
/* End PBXGroup section */

/* Begin PBXNativeTarget section */
		5EF5CD68296C8C6C004FEE9C /* InstagramNoSB */ = {
			isa = PBXNativeTarget;
			buildConfigurationList = 5EF5CD7D296C8C6D004FEE9C /* Build configuration list for PBXNativeTarget "InstagramNoSB" */;
			buildPhases = (
				5EF5CD65296C8C6C004FEE9C /* Sources */,
				5EF5CD66296C8C6C004FEE9C /* Frameworks */,
				5EF5CD67296C8C6C004FEE9C /* Resources */,
			);
			buildRules = (
			);
			dependencies = (
			);
			name = InstagramNoSB;
			packageProductDependencies = (
				5EF5CD86296CD592004FEE9C /* SnapKit */,
			);
			productName = InstagramNoSB;
			productReference = 5EF5CD69296C8C6C004FEE9C /* InstagramNoSB.app */;
			productType = "com.apple.product-type.application";
		};
/* End PBXNativeTarget section */

/* Begin PBXProject section */
		5EF5CD61296C8C6C004FEE9C /* Project object */ = {
			isa = PBXProject;
			attributes = {
				BuildIndependentTargetsInParallel = 1;
				LastSwiftUpdateCheck = 1420;
				LastUpgradeCheck = 1420;
				TargetAttributes = {
					5EF5CD68296C8C6C004FEE9C = {
						CreatedOnToolsVersion = 14.2;
					};
				};
			};
			buildConfigurationList = 5EF5CD64296C8C6C004FEE9C /* Build configuration list for PBXProject "InstagramNoSB" */;
			compatibilityVersion = "Xcode 14.0";
			developmentRegion = en;
			hasScannedForEncodings = 0;
			knownRegions = (
				en,
				Base,
			);
			mainGroup = 5EF5CD60296C8C6C004FEE9C;
			packageReferences = (
				5EF5CD85296CD592004FEE9C /* XCRemoteSwiftPackageReference "SnapKit" */,
			);
			productRefGroup = 5EF5CD6A296C8C6C004FEE9C /* Products */;
			projectDirPath = "";
			projectRoot = "";
			targets = (
				5EF5CD68296C8C6C004FEE9C /* InstagramNoSB */,
			);
		};
/* End PBXProject section */

/* Begin PBXResourcesBuildPhase section */
		5EF5CD67296C8C6C004FEE9C /* Resources */ = {
			isa = PBXResourcesBuildPhase;
			buildActionMask = 2147483647;
			files = (
				5EF5CD79296C8C6D004FEE9C /* LaunchScreen.storyboard in Resources */,
				5EF5CD76296C8C6D004FEE9C /* Assets.xcassets in Resources */,
			);
			runOnlyForDeploymentPostprocessing = 0;
		};
/* End PBXResourcesBuildPhase section */

/* Begin PBXSourcesBuildPhase section */
		5EF5CD65296C8C6C004FEE9C /* Sources */ = {
			isa = PBXSourcesBuildPhase;
			buildActionMask = 2147483647;
			files = (
				5E724CD2296D78610032E2A4 /* FeedPostItemInfo.swift in Sources */,
				5EF5CD6D296C8C6C004FEE9C /* AppDelegate.swift in Sources */,
				5E724CCC296CE23D0032E2A4 /* LogoView.swift in Sources */,
				5EF5CD6F296C8C6C004FEE9C /* SceneDelegate.swift in Sources */,
				5E724CDB296D88680032E2A4 /* StoriesItemCell.swift in Sources */,
				5E724CD7296D7C870032E2A4 /* FeedStoriesSetCell.swift in Sources */,
				5EF5CD84296CD4C7004FEE9C /* FeedViewController.swift in Sources */,
				5E724CD9296D7EB00032E2A4 /* FeedPostCell.swift in Sources */,
				5E724CCE296CF4F20032E2A4 /* FeedItemType.swift in Sources */,
				5E724CD0296CF56A0032E2A4 /* FeedStoriesCellInfo.swift in Sources */,
			);
			runOnlyForDeploymentPostprocessing = 0;
		};
/* End PBXSourcesBuildPhase section */

/* Begin PBXVariantGroup section */
		5EF5CD77296C8C6D004FEE9C /* LaunchScreen.storyboard */ = {
			isa = PBXVariantGroup;
			children = (
				5EF5CD78296C8C6D004FEE9C /* Base */,
			);
			name = LaunchScreen.storyboard;
			sourceTree = "<group>";
		};
/* End PBXVariantGroup section */

/* Begin XCBuildConfiguration section */
		5EF5CD7B296C8C6D004FEE9C /* Debug */ = {
			isa = XCBuildConfiguration;
			buildSettings = {
				ALWAYS_SEARCH_USER_PATHS = NO;
				CLANG_ANALYZER_NONNULL = YES;
				CLANG_ANALYZER_NUMBER_OBJECT_CONVERSION = YES_AGGRESSIVE;
				CLANG_CXX_LANGUAGE_STANDARD = "gnu++20";
				CLANG_ENABLE_MODULES = YES;
				CLANG_ENABLE_OBJC_ARC = YES;
				CLANG_ENABLE_OBJC_WEAK = YES;
				CLANG_WARN_BLOCK_CAPTURE_AUTORELEASING = YES;
				CLANG_WARN_BOOL_CONVERSION = YES;
				CLANG_WARN_COMMA = YES;
				CLANG_WARN_CONSTANT_CONVERSION = YES;
				CLANG_WARN_DEPRECATED_OBJC_IMPLEMENTATIONS = YES;
				CLANG_WARN_DIRECT_OBJC_ISA_USAGE = YES_ERROR;
				CLANG_WARN_DOCUMENTATION_COMMENTS = YES;
				CLANG_WARN_EMPTY_BODY = YES;
				CLANG_WARN_ENUM_CONVERSION = YES;
				CLANG_WARN_INFINITE_RECURSION = YES;
				CLANG_WARN_INT_CONVERSION = YES;
				CLANG_WARN_NON_LITERAL_NULL_CONVERSION = YES;
				CLANG_WARN_OBJC_IMPLICIT_RETAIN_SELF = YES;
				CLANG_WARN_OBJC_LITERAL_CONVERSION = YES;
				CLANG_WARN_OBJC_ROOT_CLASS = YES_ERROR;
				CLANG_WARN_QUOTED_INCLUDE_IN_FRAMEWORK_HEADER = YES;
				CLANG_WARN_RANGE_LOOP_ANALYSIS = YES;
				CLANG_WARN_STRICT_PROTOTYPES = YES;
				CLANG_WARN_SUSPICIOUS_MOVE = YES;
				CLANG_WARN_UNGUARDED_AVAILABILITY = YES_AGGRESSIVE;
				CLANG_WARN_UNREACHABLE_CODE = YES;
				CLANG_WARN__DUPLICATE_METHOD_MATCH = YES;
				COPY_PHASE_STRIP = NO;
				DEBUG_INFORMATION_FORMAT = dwarf;
				ENABLE_STRICT_OBJC_MSGSEND = YES;
				ENABLE_TESTABILITY = YES;
				GCC_C_LANGUAGE_STANDARD = gnu11;
				GCC_DYNAMIC_NO_PIC = NO;
				GCC_NO_COMMON_BLOCKS = YES;
				GCC_OPTIMIZATION_LEVEL = 0;
				GCC_PREPROCESSOR_DEFINITIONS = (
					"DEBUG=1",
					"$(inherited)",
				);
				GCC_WARN_64_TO_32_BIT_CONVERSION = YES;
				GCC_WARN_ABOUT_RETURN_TYPE = YES_ERROR;
				GCC_WARN_UNDECLARED_SELECTOR = YES;
				GCC_WARN_UNINITIALIZED_AUTOS = YES_AGGRESSIVE;
				GCC_WARN_UNUSED_FUNCTION = YES;
				GCC_WARN_UNUSED_VARIABLE = YES;
				IPHONEOS_DEPLOYMENT_TARGET = 16.2;
				MTL_ENABLE_DEBUG_INFO = INCLUDE_SOURCE;
				MTL_FAST_MATH = YES;
				ONLY_ACTIVE_ARCH = YES;
				SDKROOT = iphoneos;
				SWIFT_ACTIVE_COMPILATION_CONDITIONS = DEBUG;
				SWIFT_OPTIMIZATION_LEVEL = "-Onone";
			};
			name = Debug;
		};
		5EF5CD7C296C8C6D004FEE9C /* Release */ = {
			isa = XCBuildConfiguration;
			buildSettings = {
				ALWAYS_SEARCH_USER_PATHS = NO;
				CLANG_ANALYZER_NONNULL = YES;
				CLANG_ANALYZER_NUMBER_OBJECT_CONVERSION = YES_AGGRESSIVE;
				CLANG_CXX_LANGUAGE_STANDARD = "gnu++20";
				CLANG_ENABLE_MODULES = YES;
				CLANG_ENABLE_OBJC_ARC = YES;
				CLANG_ENABLE_OBJC_WEAK = YES;
				CLANG_WARN_BLOCK_CAPTURE_AUTORELEASING = YES;
				CLANG_WARN_BOOL_CONVERSION = YES;
				CLANG_WARN_COMMA = YES;
				CLANG_WARN_CONSTANT_CONVERSION = YES;
				CLANG_WARN_DEPRECATED_OBJC_IMPLEMENTATIONS = YES;
				CLANG_WARN_DIRECT_OBJC_ISA_USAGE = YES_ERROR;
				CLANG_WARN_DOCUMENTATION_COMMENTS = YES;
				CLANG_WARN_EMPTY_BODY = YES;
				CLANG_WARN_ENUM_CONVERSION = YES;
				CLANG_WARN_INFINITE_RECURSION = YES;
				CLANG_WARN_INT_CONVERSION = YES;
				CLANG_WARN_NON_LITERAL_NULL_CONVERSION = YES;
				CLANG_WARN_OBJC_IMPLICIT_RETAIN_SELF = YES;
				CLANG_WARN_OBJC_LITERAL_CONVERSION = YES;
				CLANG_WARN_OBJC_ROOT_CLASS = YES_ERROR;
				CLANG_WARN_QUOTED_INCLUDE_IN_FRAMEWORK_HEADER = YES;
				CLANG_WARN_RANGE_LOOP_ANALYSIS = YES;
				CLANG_WARN_STRICT_PROTOTYPES = YES;
				CLANG_WARN_SUSPICIOUS_MOVE = YES;
				CLANG_WARN_UNGUARDED_AVAILABILITY = YES_AGGRESSIVE;
				CLANG_WARN_UNREACHABLE_CODE = YES;
				CLANG_WARN__DUPLICATE_METHOD_MATCH = YES;
				COPY_PHASE_STRIP = NO;
				DEBUG_INFORMATION_FORMAT = "dwarf-with-dsym";
				ENABLE_NS_ASSERTIONS = NO;
				ENABLE_STRICT_OBJC_MSGSEND = YES;
				GCC_C_LANGUAGE_STANDARD = gnu11;
				GCC_NO_COMMON_BLOCKS = YES;
				GCC_WARN_64_TO_32_BIT_CONVERSION = YES;
				GCC_WARN_ABOUT_RETURN_TYPE = YES_ERROR;
				GCC_WARN_UNDECLARED_SELECTOR = YES;
				GCC_WARN_UNINITIALIZED_AUTOS = YES_AGGRESSIVE;
				GCC_WARN_UNUSED_FUNCTION = YES;
				GCC_WARN_UNUSED_VARIABLE = YES;
				IPHONEOS_DEPLOYMENT_TARGET = 16.2;
				MTL_ENABLE_DEBUG_INFO = NO;
				MTL_FAST_MATH = YES;
				SDKROOT = iphoneos;
				SWIFT_COMPILATION_MODE = wholemodule;
				SWIFT_OPTIMIZATION_LEVEL = "-O";
				VALIDATE_PRODUCT = YES;
			};
			name = Release;
		};
		5EF5CD7E296C8C6D004FEE9C /* Debug */ = {
			isa = XCBuildConfiguration;
			buildSettings = {
				ASSETCATALOG_COMPILER_APPICON_NAME = AppIcon;
				ASSETCATALOG_COMPILER_GLOBAL_ACCENT_COLOR_NAME = AccentColor;
				CODE_SIGN_STYLE = Automatic;
				CURRENT_PROJECT_VERSION = 1;
				DEVELOPMENT_TEAM = 44J3T4A266;
				GENERATE_INFOPLIST_FILE = YES;
				INFOPLIST_FILE = InstagramNoSB/Resources/Info.plist;
				INFOPLIST_KEY_UIApplicationSupportsIndirectInputEvents = YES;
				INFOPLIST_KEY_UILaunchStoryboardName = LaunchScreen;
				INFOPLIST_KEY_UIMainStoryboardFile = "";
				INFOPLIST_KEY_UISupportedInterfaceOrientations_iPad = "UIInterfaceOrientationPortrait UIInterfaceOrientationPortraitUpsideDown UIInterfaceOrientationLandscapeLeft UIInterfaceOrientationLandscapeRight";
				INFOPLIST_KEY_UISupportedInterfaceOrientations_iPhone = "UIInterfaceOrientationPortrait UIInterfaceOrientationLandscapeLeft UIInterfaceOrientationLandscapeRight";
				IPHONEOS_DEPLOYMENT_TARGET = 16.1;
				LD_RUNPATH_SEARCH_PATHS = (
					"$(inherited)",
					"@executable_path/Frameworks",
				);
				MARKETING_VERSION = 1.0;
				PRODUCT_BUNDLE_IDENTIFIER = Grilyuk.InstagramNoSB;
				PRODUCT_NAME = "$(TARGET_NAME)";
				SUPPORTED_PLATFORMS = "iphoneos iphonesimulator";
				SUPPORTS_MACCATALYST = NO;
				SUPPORTS_MAC_DESIGNED_FOR_IPHONE_IPAD = NO;
				SWIFT_EMIT_LOC_STRINGS = YES;
				SWIFT_VERSION = 5.0;
				TARGETED_DEVICE_FAMILY = 1;
			};
			name = Debug;
		};
		5EF5CD7F296C8C6D004FEE9C /* Release */ = {
			isa = XCBuildConfiguration;
			buildSettings = {
				ASSETCATALOG_COMPILER_APPICON_NAME = AppIcon;
				ASSETCATALOG_COMPILER_GLOBAL_ACCENT_COLOR_NAME = AccentColor;
				CODE_SIGN_STYLE = Automatic;
				CURRENT_PROJECT_VERSION = 1;
				DEVELOPMENT_TEAM = 44J3T4A266;
				GENERATE_INFOPLIST_FILE = YES;
				INFOPLIST_FILE = InstagramNoSB/Resources/Info.plist;
				INFOPLIST_KEY_UIApplicationSupportsIndirectInputEvents = YES;
				INFOPLIST_KEY_UILaunchStoryboardName = LaunchScreen;
				INFOPLIST_KEY_UIMainStoryboardFile = "";
				INFOPLIST_KEY_UISupportedInterfaceOrientations_iPad = "UIInterfaceOrientationPortrait UIInterfaceOrientationPortraitUpsideDown UIInterfaceOrientationLandscapeLeft UIInterfaceOrientationLandscapeRight";
				INFOPLIST_KEY_UISupportedInterfaceOrientations_iPhone = "UIInterfaceOrientationPortrait UIInterfaceOrientationLandscapeLeft UIInterfaceOrientationLandscapeRight";
				IPHONEOS_DEPLOYMENT_TARGET = 16.1;
				LD_RUNPATH_SEARCH_PATHS = (
					"$(inherited)",
					"@executable_path/Frameworks",
				);
				MARKETING_VERSION = 1.0;
				PRODUCT_BUNDLE_IDENTIFIER = Grilyuk.InstagramNoSB;
				PRODUCT_NAME = "$(TARGET_NAME)";
				SUPPORTED_PLATFORMS = "iphoneos iphonesimulator";
				SUPPORTS_MACCATALYST = NO;
				SUPPORTS_MAC_DESIGNED_FOR_IPHONE_IPAD = NO;
				SWIFT_EMIT_LOC_STRINGS = YES;
				SWIFT_VERSION = 5.0;
				TARGETED_DEVICE_FAMILY = 1;
			};
			name = Release;
		};
/* End XCBuildConfiguration section */

/* Begin XCConfigurationList section */
		5EF5CD64296C8C6C004FEE9C /* Build configuration list for PBXProject "InstagramNoSB" */ = {
			isa = XCConfigurationList;
			buildConfigurations = (
				5EF5CD7B296C8C6D004FEE9C /* Debug */,
				5EF5CD7C296C8C6D004FEE9C /* Release */,
			);
			defaultConfigurationIsVisible = 0;
			defaultConfigurationName = Release;
		};
		5EF5CD7D296C8C6D004FEE9C /* Build configuration list for PBXNativeTarget "InstagramNoSB" */ = {
			isa = XCConfigurationList;
			buildConfigurations = (
				5EF5CD7E296C8C6D004FEE9C /* Debug */,
				5EF5CD7F296C8C6D004FEE9C /* Release */,
			);
			defaultConfigurationIsVisible = 0;
			defaultConfigurationName = Release;
		};
/* End XCConfigurationList section */

/* Begin XCRemoteSwiftPackageReference section */
		5EF5CD85296CD592004FEE9C /* XCRemoteSwiftPackageReference "SnapKit" */ = {
			isa = XCRemoteSwiftPackageReference;
			repositoryURL = "https://github.com/SnapKit/SnapKit";
			requirement = {
				kind = upToNextMajorVersion;
				minimumVersion = 5.0.0;
			};
		};
/* End XCRemoteSwiftPackageReference section */

/* Begin XCSwiftPackageProductDependency section */
		5EF5CD86296CD592004FEE9C /* SnapKit */ = {
			isa = XCSwiftPackageProductDependency;
			package = 5EF5CD85296CD592004FEE9C /* XCRemoteSwiftPackageReference "SnapKit" */;
			productName = SnapKit;
		};
/* End XCSwiftPackageProductDependency section */
	};
	rootObject = 5EF5CD61296C8C6C004FEE9C /* Project object */;
}
